hash: dd5feff909d14d21fd443fc51eb424c117f37c823c6b3ec839a3408df46be79a
updated: 2016-05-06T12:25:20.89492966+08:00
imports:
- name: github.com/golang/glog
  version: 23def4e6c14b4da8ac2ed8007337bc5eb5007998
- name: github.com/golang/protobuf
  version: 7cc19b78d562895b13596ddce7aafb59dd789318
  subpackages:
  - proto
- name: github.com/golang/snappy
  version: d7b1e156f50d3c4664f683603af70e3e47fa0aa2
- name: github.com/onsi/ginkgo
  version: 2c2e9bb47b4e44067024f29339588cac8b34dd12
- name: github.com/onsi/gomega
  version: 7ce781ea776b2fd506491011353bded2e40c8467
- name: github.com/syndtr/goleveldb
  version: cfa635847112c5dc4782e128fa7e0d05fdbfb394
  subpackages:
  - leveldb
  - leveldb/cache
  - leveldb/comparer
  - leveldb/errors
  - leveldb/filter
  - leveldb/iterator
  - leveldb/journal
  - leveldb/memdb
  - leveldb/opt
  - leveldb/storage
  - leveldb/table
  - leveldb/util
devImports: []
